
Microsoft Visual Studio Solution File, Format Version 12.00
# Visual Studio Version 17
VisualStudioVersion = 17.11.35222.181
MinimumVisualStudioVersion = 10.0.40219.1
Project("{888888A0-9F3D-457C-B088-3A5042F75D52}") = "10", "10\10.pyproj", "{D6A033F7-9284-41F6-AB97-39F6BDD7C9A7}"
EndProject
Global
	GlobalSection(SolutionConfigurationPlatforms) = preSolution
		Debug|Any CPU = Debug|Any CPU
		Release|Any CPU = Release|Any CPU
	EndGlobalSection
	GlobalSection(ProjectConfigurationPlatforms) = postSolution
		{D6A033F7-9284-41F6-AB97-39F6BDD7C9A7}.Debug|Any CPU.ActiveCfg = Debug|Any CPU
		{D6A033F7-9284-41F6-AB97-39F6BDD7C9A7}.Release|Any CPU.ActiveCfg = Release|Any CPU
	EndGlobalSection
	GlobalSection(SolutionProperties) = preSolution
		HideSolutionNode = FALSE
	EndGlobalSection
	GlobalSection(ExtensibilityGlobals) = postSolution
		SolutionGuid = {076BB0BE-5524-424C-8953-98A39EA6DC79}
	EndGlobalSection
EndGlobal
